// !$*UTF8*$!
{
	archiveVersion = 1;
	classes = {
	};
	objectVersion = 55;
	objects = {

/* Begin PBXBuildFile section */
		4C1351D72840B7F600DA9A50 /* ExpandableText.swift in Sources */ = {isa = PBXBuildFile; fileRef = 4C1351D62840B7F600DA9A50 /* ExpandableText.swift */; };
		4C59DB17282D4A7700E3DDF6 /* Networking.swift in Sources */ = {isa = PBXBuildFile; fileRef = 4C59DB16282D4A7700E3DDF6 /* Networking.swift */; };
		4C8507BA28296B7D00AA0606 /* GlassApp.swift in Sources */ = {isa = PBXBuildFile; fileRef = 4C8507B928296B7D00AA0606 /* GlassApp.swift */; };
		4C8507BC28296B7D00AA0606 /* ContentView.swift in Sources */ = {isa = PBXBuildFile; fileRef = 4C8507BB28296B7D00AA0606 /* ContentView.swift */; };
		4C8507BE28296B8400AA0606 /* Assets.xcassets in Resources */ = {isa = PBXBuildFile; fileRef = 4C8507BD28296B8400AA0606 /* Assets.xcassets */; };
		4C8507C128296B8400AA0606 /* Preview Assets.xcassets in Resources */ = {isa = PBXBuildFile; fileRef = 4C8507C028296B8400AA0606 /* Preview Assets.xcassets */; };
		4C8507C328296B8400AA0606 /* Persistence.swift in Sources */ = {isa = PBXBuildFile; fileRef = 4C8507C228296B8400AA0606 /* Persistence.swift */; };
		4C8507C628296B8400AA0606 /* Glass.xcdatamodeld in Sources */ = {isa = PBXBuildFile; fileRef = 4C8507C428296B8400AA0606 /* Glass.xcdatamodeld */; };
		4C8507CD28296C1900AA0606 /* FullGlassView.swift in Sources */ = {isa = PBXBuildFile; fileRef = 4C8507CC28296C1900AA0606 /* FullGlassView.swift */; };
		4C8507CF282971C900AA0606 /* Gudea in Resources */ = {isa = PBXBuildFile; fileRef = 4C8507CE282971C900AA0606 /* Gudea */; };
		4C8507D12829733300AA0606 /* PostView.swift in Sources */ = {isa = PBXBuildFile; fileRef = 4C8507D02829733300AA0606 /* PostView.swift */; };
		4C8507D3282973AA00AA0606 /* Post.swift in Sources */ = {isa = PBXBuildFile; fileRef = 4C8507D2282973AA00AA0606 /* Post.swift */; };
		4C8507D52829774D00AA0606 /* Feed.swift in Sources */ = {isa = PBXBuildFile; fileRef = 4C8507D42829774D00AA0606 /* Feed.swift */; };
		4C8507D7282A4A9000AA0606 /* ColorExtension.swift in Sources */ = {isa = PBXBuildFile; fileRef = 4C8507D6282A4A9000AA0606 /* ColorExtension.swift */; };
		4C8507DD282A79B900AA0606 /* NeutralGlassView.swift in Sources */ = {isa = PBXBuildFile; fileRef = 4C8507DC282A79B900AA0606 /* NeutralGlassView.swift */; };
		4C8507DF282A7A4500AA0606 /* EmptyGlassView.swift in Sources */ = {isa = PBXBuildFile; fileRef = 4C8507DE282A7A4500AA0606 /* EmptyGlassView.swift */; };
		4C99BFC2283E51CB00A46B60 /* RegistrationView.swift in Sources */ = {isa = PBXBuildFile; fileRef = 4C99BFC1283E51CB00A46B60 /* RegistrationView.swift */; };
		4C99BFC4283E792C00A46B60 /* CustomSecureField.swift in Sources */ = {isa = PBXBuildFile; fileRef = 4C99BFC3283E792C00A46B60 /* CustomSecureField.swift */; };
		4CC8411028414C3700279508 /* FirebaseAuth in Frameworks */ = {isa = PBXBuildFile; productRef = 4CC8410F28414C3700279508 /* FirebaseAuth */; };
		4CC8411228414C3700279508 /* FirebaseAuthCombine-Community in Frameworks */ = {isa = PBXBuildFile; productRef = 4CC8411128414C3700279508 /* FirebaseAuthCombine-Community */; };
		4CC8411428414C3700279508 /* FirebaseDatabase in Frameworks */ = {isa = PBXBuildFile; productRef = 4CC8411328414C3700279508 /* FirebaseDatabase */; };
		4CC8411628414C3700279508 /* FirebaseDatabaseSwift in Frameworks */ = {isa = PBXBuildFile; productRef = 4CC8411528414C3700279508 /* FirebaseDatabaseSwift */; };
		4CC8411828414C3700279508 /* FirebaseFirestore in Frameworks */ = {isa = PBXBuildFile; productRef = 4CC8411728414C3700279508 /* FirebaseFirestore */; };
		4CC8411A28414C3700279508 /* FirebaseFirestoreCombine-Community in Frameworks */ = {isa = PBXBuildFile; productRef = 4CC8411928414C3700279508 /* FirebaseFirestoreCombine-Community */; };
		4CC8411C28414C3700279508 /* FirebaseFirestoreSwift in Frameworks */ = {isa = PBXBuildFile; productRef = 4CC8411B28414C3700279508 /* FirebaseFirestoreSwift */; };
		4CC8411E28414C3700279508 /* FirebaseStorage in Frameworks */ = {isa = PBXBuildFile; productRef = 4CC8411D28414C3700279508 /* FirebaseStorage */; };
		4CC8412028414C3700279508 /* FirebaseStorageCombine-Community in Frameworks */ = {isa = PBXBuildFile; productRef = 4CC8411F28414C3700279508 /* FirebaseStorageCombine-Community */; };
		4CF940BA283D29DE009CAB61 /* LogInView.swift in Sources */ = {isa = PBXBuildFile; fileRef = 4CF940B9283D29DE009CAB61 /* LogInView.swift */; };
		4CF940BD283D2D26009CAB61 /* RoundedShape.swift in Sources */ = {isa = PBXBuildFile; fileRef = 4CF940BC283D2D26009CAB61 /* RoundedShape.swift */; };
		4CF940BF283D392B009CAB61 /* CustomInputField.swift in Sources */ = {isa = PBXBuildFile; fileRef = 4CF940BE283D392B009CAB61 /* CustomInputField.swift */; };
		4CF940C1283D3CE6009CAB61 /* GoogleService-Info.plist in Resources */ = {isa = PBXBuildFile; fileRef = 4CF940C0283D3CE6009CAB61 /* GoogleService-Info.plist */; };
		4CF940CD283D456C009CAB61 /* AuthFirebase.swift in Sources */ = {isa = PBXBuildFile; fileRef = 4CF940CC283D456C009CAB61 /* AuthFirebase.swift */; };
/* End PBXBuildFile section */

/* Begin PBXFileReference section */
		4C1351D62840B7F600DA9A50 /* ExpandableText.swift */ = {isa = PBXFileReference; lastKnownFileType = sourcecode.swift; path = ExpandableText.swift; sourceTree = "<group>"; };
		4C59DB16282D4A7700E3DDF6 /* Networking.swift */ = {isa = PBXFileReference; lastKnownFileType = sourcecode.swift; path = Networking.swift; sourceTree = "<group>"; };
		4C8507B628296B7D00AA0606 /* Glass.app */ = {isa = PBXFileReference; explicitFileType = wrapper.application; includeInIndex = 0; path = Glass.app; sourceTree = BUILT_PRODUCTS_DIR; };
		4C8507B928296B7D00AA0606 /* GlassApp.swift */ = {isa = PBXFileReference; lastKnownFileType = sourcecode.swift; path = GlassApp.swift; sourceTree = "<group>"; };
		4C8507BB28296B7D00AA0606 /* ContentView.swift */ = {isa = PBXFileReference; lastKnownFileType = sourcecode.swift; path = ContentView.swift; sourceTree = "<group>"; };
		4C8507BD28296B8400AA0606 /* Assets.xcassets */ = {isa = PBXFileReference; lastKnownFileType = folder.assetcatalog; path = Assets.xcassets; sourceTree = "<group>"; };
		4C8507C028296B8400AA0606 /* Preview Assets.xcassets */ = {isa = PBXFileReference; lastKnownFileType = folder.assetcatalog; path = "Preview Assets.xcassets"; sourceTree = "<group>"; };
		4C8507C228296B8400AA0606 /* Persistence.swift */ = {isa = PBXFileReference; lastKnownFileType = sourcecode.swift; path = Persistence.swift; sourceTree = "<group>"; };
		4C8507C528296B8400AA0606 /* Glass.xcdatamodel */ = {isa = PBXFileReference; lastKnownFileType = wrapper.xcdatamodel; path = Glass.xcdatamodel; sourceTree = "<group>"; };
		4C8507CC28296C1900AA0606 /* FullGlassView.swift */ = {isa = PBXFileReference; lastKnownFileType = sourcecode.swift; path = FullGlassView.swift; sourceTree = "<group>"; };
		4C8507CE282971C900AA0606 /* Gudea */ = {isa = PBXFileReference; lastKnownFileType = folder; path = Gudea; sourceTree = "<group>"; };
		4C8507D02829733300AA0606 /* PostView.swift */ = {isa = PBXFileReference; lastKnownFileType = sourcecode.swift; path = PostView.swift; sourceTree = "<group>"; };
		4C8507D2282973AA00AA0606 /* Post.swift */ = {isa = PBXFileReference; lastKnownFileType = sourcecode.swift; path = Post.swift; sourceTree = "<group>"; };
		4C8507D42829774D00AA0606 /* Feed.swift */ = {isa = PBXFileReference; lastKnownFileType = sourcecode.swift; path = Feed.swift; sourceTree = "<group>"; };
		4C8507D6282A4A9000AA0606 /* ColorExtension.swift */ = {isa = PBXFileReference; lastKnownFileType = sourcecode.swift; path = ColorExtension.swift; sourceTree = "<group>"; };
		4C8507DC282A79B900AA0606 /* NeutralGlassView.swift */ = {isa = PBXFileReference; lastKnownFileType = sourcecode.swift; path = NeutralGlassView.swift; sourceTree = "<group>"; };
		4C8507DE282A7A4500AA0606 /* EmptyGlassView.swift */ = {isa = PBXFileReference; lastKnownFileType = sourcecode.swift; path = EmptyGlassView.swift; sourceTree = "<group>"; };
		4C99BFC1283E51CB00A46B60 /* RegistrationView.swift */ = {isa = PBXFileReference; lastKnownFileType = sourcecode.swift; path = RegistrationView.swift; sourceTree = "<group>"; };
		4C99BFC3283E792C00A46B60 /* CustomSecureField.swift */ = {isa = PBXFileReference; lastKnownFileType = sourcecode.swift; path = CustomSecureField.swift; sourceTree = "<group>"; };
		4CDE4E0E2840F4CC003D1B08 /* Info.plist */ = {isa = PBXFileReference; lastKnownFileType = text.plist; path = Info.plist; sourceTree = "<group>"; };
		4CF940B9283D29DE009CAB61 /* LogInView.swift */ = {isa = PBXFileReference; lastKnownFileType = sourcecode.swift; path = LogInView.swift; sourceTree = "<group>"; };
		4CF940BC283D2D26009CAB61 /* RoundedShape.swift */ = {isa = PBXFileReference; lastKnownFileType = sourcecode.swift; path = RoundedShape.swift; sourceTree = "<group>"; };
		4CF940BE283D392B009CAB61 /* CustomInputField.swift */ = {isa = PBXFileReference; lastKnownFileType = sourcecode.swift; path = CustomInputField.swift; sourceTree = "<group>"; };
		4CF940C0283D3CE6009CAB61 /* GoogleService-Info.plist */ = {isa = PBXFileReference; fileEncoding = 4; lastKnownFileType = text.plist.xml; path = "GoogleService-Info.plist"; sourceTree = "<group>"; };
		4CF940CC283D456C009CAB61 /* AuthFirebase.swift */ = {isa = PBXFileReference; lastKnownFileType = sourcecode.swift; path = AuthFirebase.swift; sourceTree = "<group>"; };
/* End PBXFileReference section */

/* Begin PBXFrameworksBuildPhase section */
		4C8507B328296B7D00AA0606 /* Frameworks */ = {
			isa = PBXFrameworksBuildPhase;
			buildActionMask = 2147483647;
			files = (
				4CC8411628414C3700279508 /* FirebaseDatabaseSwift in Frameworks */,
				4CC8412028414C3700279508 /* FirebaseStorageCombine-Community in Frameworks */,
				4CC8411E28414C3700279508 /* FirebaseStorage in Frameworks */,
				4CC8411228414C3700279508 /* FirebaseAuthCombine-Community in Frameworks */,
				4CC8411428414C3700279508 /* FirebaseDatabase in Frameworks */,
				4CC8411028414C3700279508 /* FirebaseAuth in Frameworks */,
				4CC8411828414C3700279508 /* FirebaseFirestore in Frameworks */,
				4CC8411A28414C3700279508 /* FirebaseFirestoreCombine-Community in Frameworks */,
				4CC8411C28414C3700279508 /* FirebaseFirestoreSwift in Frameworks */,
			);
			runOnlyForDeploymentPostprocessing = 0;
		};
/* End PBXFrameworksBuildPhase section */

/* Begin PBXGroup section */
		4C59DB13282D47A700E3DDF6 /* Networking */ = {
			isa = PBXGroup;
			children = (
				4C59DB16282D4A7700E3DDF6 /* Networking.swift */,
			);
			path = Networking;
			sourceTree = "<group>";
		};
		4C8507AD28296B7D00AA0606 = {
			isa = PBXGroup;
			children = (
				4C8507B828296B7D00AA0606 /* Glass */,
				4C8507CE282971C900AA0606 /* Gudea */,
				4C8507B728296B7D00AA0606 /* Products */,
			);
			sourceTree = "<group>";
		};
		4C8507B728296B7D00AA0606 /* Products */ = {
			isa = PBXGroup;
			children = (
				4C8507B628296B7D00AA0606 /* Glass.app */,
			);
			name = Products;
			sourceTree = "<group>";
		};
		4C8507B828296B7D00AA0606 /* Glass */ = {
			isa = PBXGroup;
			children = (
				4CDE4E0E2840F4CC003D1B08 /* Info.plist */,
				4C8507B928296B7D00AA0606 /* GlassApp.swift */,
				4CF940BB283D2D02009CAB61 /* Components */,
				4CF940B8283D2961009CAB61 /* Extensions */,
				4CF940B7283D2945009CAB61 /* Views */,
				4CF940B6283D2922009CAB61 /* Model */,
				4CF940CB283D453A009CAB61 /* ViewModel */,
				4C59DB13282D47A700E3DDF6 /* Networking */,
				4C8507BD28296B8400AA0606 /* Assets.xcassets */,
				4C8507C228296B8400AA0606 /* Persistence.swift */,
				4CF940C0283D3CE6009CAB61 /* GoogleService-Info.plist */,
				4C8507C428296B8400AA0606 /* Glass.xcdatamodeld */,
				4C8507BF28296B8400AA0606 /* Preview Content */,
			);
			path = Glass;
			sourceTree = "<group>";
		};
		4C8507BF28296B8400AA0606 /* Preview Content */ = {
			isa = PBXGroup;
			children = (
				4C8507C028296B8400AA0606 /* Preview Assets.xcassets */,
			);
			path = "Preview Content";
			sourceTree = "<group>";
		};
		4CF940B6283D2922009CAB61 /* Model */ = {
			isa = PBXGroup;
			children = (
				4C8507D2282973AA00AA0606 /* Post.swift */,
			);
			path = Model;
			sourceTree = "<group>";
		};
		4CF940B7283D2945009CAB61 /* Views */ = {
			isa = PBXGroup;
			children = (
				4C8507BB28296B7D00AA0606 /* ContentView.swift */,
				4CF940B9283D29DE009CAB61 /* LogInView.swift */,
				4C99BFC1283E51CB00A46B60 /* RegistrationView.swift */,
				4CF940BE283D392B009CAB61 /* CustomInputField.swift */,
				4C99BFC3283E792C00A46B60 /* CustomSecureField.swift */,
				4C8507CC28296C1900AA0606 /* FullGlassView.swift */,
				4C8507DC282A79B900AA0606 /* NeutralGlassView.swift */,
				4C8507DE282A7A4500AA0606 /* EmptyGlassView.swift */,
				4C8507D02829733300AA0606 /* PostView.swift */,
				4C1351D62840B7F600DA9A50 /* ExpandableText.swift */,
			);
			path = Views;
			sourceTree = "<group>";
		};
		4CF940B8283D2961009CAB61 /* Extensions */ = {
			isa = PBXGroup;
			children = (
				4C8507D6282A4A9000AA0606 /* ColorExtension.swift */,
			);
			path = Extensions;
			sourceTree = "<group>";
		};
		4CF940BB283D2D02009CAB61 /* Components */ = {
			isa = PBXGroup;
			children = (
				4CF940BC283D2D26009CAB61 /* RoundedShape.swift */,
			);
			path = Components;
			sourceTree = "<group>";
		};
		4CF940CB283D453A009CAB61 /* ViewModel */ = {
			isa = PBXGroup;
			children = (
				4C8507D42829774D00AA0606 /* Feed.swift */,
				4CF940CC283D456C009CAB61 /* AuthFirebase.swift */,
			);
			path = ViewModel;
			sourceTree = "<group>";
		};
/* End PBXGroup section */

/* Begin PBXNativeTarget section */
		4C8507B528296B7D00AA0606 /* Glass */ = {
			isa = PBXNativeTarget;
			buildConfigurationList = 4C8507C928296B8400AA0606 /* Build configuration list for PBXNativeTarget "Glass" */;
			buildPhases = (
				4C8507B228296B7D00AA0606 /* Sources */,
				4C8507B328296B7D00AA0606 /* Frameworks */,
				4C8507B428296B7D00AA0606 /* Resources */,
			);
			buildRules = (
			);
			dependencies = (
			);
			name = Glass;
			packageProductDependencies = (
				4CC8410F28414C3700279508 /* FirebaseAuth */,
				4CC8411128414C3700279508 /* FirebaseAuthCombine-Community */,
				4CC8411328414C3700279508 /* FirebaseDatabase */,
				4CC8411528414C3700279508 /* FirebaseDatabaseSwift */,
				4CC8411728414C3700279508 /* FirebaseFirestore */,
				4CC8411928414C3700279508 /* FirebaseFirestoreCombine-Community */,
				4CC8411B28414C3700279508 /* FirebaseFirestoreSwift */,
				4CC8411D28414C3700279508 /* FirebaseStorage */,
				4CC8411F28414C3700279508 /* FirebaseStorageCombine-Community */,
			);
			productName = Glass;
			productReference = 4C8507B628296B7D00AA0606 /* Glass.app */;
			productType = "com.apple.product-type.application";
		};
/* End PBXNativeTarget section */

/* Begin PBXProject section */
		4C8507AE28296B7D00AA0606 /* Project object */ = {
			isa = PBXProject;
			attributes = {
				BuildIndependentTargetsInParallel = 1;
				LastSwiftUpdateCheck = 1330;
				LastUpgradeCheck = 1330;
				TargetAttributes = {
					4C8507B528296B7D00AA0606 = {
						CreatedOnToolsVersion = 13.3.1;
					};
				};
			};
			buildConfigurationList = 4C8507B128296B7D00AA0606 /* Build configuration list for PBXProject "Glass" */;
			compatibilityVersion = "Xcode 13.0";
			developmentRegion = en;
			hasScannedForEncodings = 0;
			knownRegions = (
				en,
				Base,
			);
			mainGroup = 4C8507AD28296B7D00AA0606;
			packageReferences = (
				4CC8410E28414C3700279508 /* XCRemoteSwiftPackageReference "firebase-ios-sdk" */,
			);
			productRefGroup = 4C8507B728296B7D00AA0606 /* Products */;
			projectDirPath = "";
			projectRoot = "";
			targets = (
				4C8507B528296B7D00AA0606 /* Glass */,
			);
		};
/* End PBXProject section */

/* Begin PBXResourcesBuildPhase section */
		4C8507B428296B7D00AA0606 /* Resources */ = {
			isa = PBXResourcesBuildPhase;
			buildActionMask = 2147483647;
			files = (
				4C8507CF282971C900AA0606 /* Gudea in Resources */,
				4CF940C1283D3CE6009CAB61 /* GoogleService-Info.plist in Resources */,
				4C8507C128296B8400AA0606 /* Preview Assets.xcassets in Resources */,
				4C8507BE28296B8400AA0606 /* Assets.xcassets in Resources */,
			);
			runOnlyForDeploymentPostprocessing = 0;
		};
/* End PBXResourcesBuildPhase section */

/* Begin PBXSourcesBuildPhase section */
		4C8507B228296B7D00AA0606 /* Sources */ = {
			isa = PBXSourcesBuildPhase;
			buildActionMask = 2147483647;
			files = (
				4CF940BA283D29DE009CAB61 /* LogInView.swift in Sources */,
				4C8507CD28296C1900AA0606 /* FullGlassView.swift in Sources */,
				4C8507D52829774D00AA0606 /* Feed.swift in Sources */,
				4C8507D12829733300AA0606 /* PostView.swift in Sources */,
				4CF940BF283D392B009CAB61 /* CustomInputField.swift in Sources */,
				4C8507D7282A4A9000AA0606 /* ColorExtension.swift in Sources */,
				4CF940CD283D456C009CAB61 /* AuthFirebase.swift in Sources */,
				4C8507C628296B8400AA0606 /* Glass.xcdatamodeld in Sources */,
				4C8507C328296B8400AA0606 /* Persistence.swift in Sources */,
				4C8507DF282A7A4500AA0606 /* EmptyGlassView.swift in Sources */,
				4C1351D72840B7F600DA9A50 /* ExpandableText.swift in Sources */,
				4C99BFC4283E792C00A46B60 /* CustomSecureField.swift in Sources */,
				4C8507BC28296B7D00AA0606 /* ContentView.swift in Sources */,
				4C99BFC2283E51CB00A46B60 /* RegistrationView.swift in Sources */,
				4C8507D3282973AA00AA0606 /* Post.swift in Sources */,
				4C8507DD282A79B900AA0606 /* NeutralGlassView.swift in Sources */,
				4C8507BA28296B7D00AA0606 /* GlassApp.swift in Sources */,
				4C59DB17282D4A7700E3DDF6 /* Networking.swift in Sources */,
				4CF940BD283D2D26009CAB61 /* RoundedShape.swift in Sources */,
			);
			runOnlyForDeploymentPostprocessing = 0;
		};
/* End PBXSourcesBuildPhase section */

/* Begin XCBuildConfiguration section */
		4C8507C728296B8400AA0606 /* Debug */ = {
			isa = XCBuildConfiguration;
			buildSettings = {
				ALWAYS_SEARCH_USER_PATHS = NO;
				CLANG_ANALYZER_NONNULL = YES;
				CLANG_ANALYZER_NUMBER_OBJECT_CONVERSION = YES_AGGRESSIVE;
				CLANG_CXX_LANGUAGE_STANDARD = "gnu++17";
				CLANG_ENABLE_MODULES = YES;
				CLANG_ENABLE_OBJC_ARC = YES;
				CLANG_ENABLE_OBJC_WEAK = YES;
				CLANG_WARN_BLOCK_CAPTURE_AUTORELEASING = YES;
				CLANG_WARN_BOOL_CONVERSION = YES;
				CLANG_WARN_COMMA = YES;
				CLANG_WARN_CONSTANT_CONVERSION = YES;
				CLANG_WARN_DEPRECATED_OBJC_IMPLEMENTATIONS = YES;
				CLANG_WARN_DIRECT_OBJC_ISA_USAGE = YES_ERROR;
				CLANG_WARN_DOCUMENTATION_COMMENTS = YES;
				CLANG_WARN_EMPTY_BODY = YES;
				CLANG_WARN_ENUM_CONVERSION = YES;
				CLANG_WARN_INFINITE_RECURSION = YES;
				CLANG_WARN_INT_CONVERSION = YES;
				CLANG_WARN_NON_LITERAL_NULL_CONVERSION = YES;
				CLANG_WARN_OBJC_IMPLICIT_RETAIN_SELF = YES;
				CLANG_WARN_OBJC_LITERAL_CONVERSION = YES;
				CLANG_WARN_OBJC_ROOT_CLASS = YES_ERROR;
				CLANG_WARN_QUOTED_INCLUDE_IN_FRAMEWORK_HEADER = YES;
				CLANG_WARN_RANGE_LOOP_ANALYSIS = YES;
				CLANG_WARN_STRICT_PROTOTYPES = YES;
				CLANG_WARN_SUSPICIOUS_MOVE = YES;
				CLANG_WARN_UNGUARDED_AVAILABILITY = YES_AGGRESSIVE;
				CLANG_WARN_UNREACHABLE_CODE = YES;
				CLANG_WARN__DUPLICATE_METHOD_MATCH = YES;
				COPY_PHASE_STRIP = NO;
				DEBUG_INFORMATION_FORMAT = dwarf;
				ENABLE_STRICT_OBJC_MSGSEND = YES;
				ENABLE_TESTABILITY = YES;
				GCC_C_LANGUAGE_STANDARD = gnu11;
				GCC_DYNAMIC_NO_PIC = NO;
				GCC_NO_COMMON_BLOCKS = YES;
				GCC_OPTIMIZATION_LEVEL = 0;
				GCC_PREPROCESSOR_DEFINITIONS = (
					"DEBUG=1",
					"$(inherited)",
				);
				GCC_WARN_64_TO_32_BIT_CONVERSION = YES;
				GCC_WARN_ABOUT_RETURN_TYPE = YES_ERROR;
				GCC_WARN_UNDECLARED_SELECTOR = YES;
				GCC_WARN_UNINITIALIZED_AUTOS = YES_AGGRESSIVE;
				GCC_WARN_UNUSED_FUNCTION = YES;
				GCC_WARN_UNUSED_VARIABLE = YES;
				IPHONEOS_DEPLOYMENT_TARGET = 15.4;
				MTL_ENABLE_DEBUG_INFO = INCLUDE_SOURCE;
				MTL_FAST_MATH = YES;
				ONLY_ACTIVE_ARCH = YES;
				SDKROOT = iphoneos;
				SWIFT_ACTIVE_COMPILATION_CONDITIONS = DEBUG;
				SWIFT_OPTIMIZATION_LEVEL = "-Onone";
			};
			name = Debug;
		};
		4C8507C828296B8400AA0606 /* Release */ = {
			isa = XCBuildConfiguration;
			buildSettings = {
				ALWAYS_SEARCH_USER_PATHS = NO;
				CLANG_ANALYZER_NONNULL = YES;
				CLANG_ANALYZER_NUMBER_OBJECT_CONVERSION = YES_AGGRESSIVE;
				CLANG_CXX_LANGUAGE_STANDARD = "gnu++17";
				CLANG_ENABLE_MODULES = YES;
				CLANG_ENABLE_OBJC_ARC = YES;
				CLANG_ENABLE_OBJC_WEAK = YES;
				CLANG_WARN_BLOCK_CAPTURE_AUTORELEASING = YES;
				CLANG_WARN_BOOL_CONVERSION = YES;
				CLANG_WARN_COMMA = YES;
				CLANG_WARN_CONSTANT_CONVERSION = YES;
				CLANG_WARN_DEPRECATED_OBJC_IMPLEMENTATIONS = YES;
				CLANG_WARN_DIRECT_OBJC_ISA_USAGE = YES_ERROR;
				CLANG_WARN_DOCUMENTATION_COMMENTS = YES;
				CLANG_WARN_EMPTY_BODY = YES;
				CLANG_WARN_ENUM_CONVERSION = YES;
				CLANG_WARN_INFINITE_RECURSION = YES;
				CLANG_WARN_INT_CONVERSION = YES;
				CLANG_WARN_NON_LITERAL_NULL_CONVERSION = YES;
				CLANG_WARN_OBJC_IMPLICIT_RETAIN_SELF = YES;
				CLANG_WARN_OBJC_LITERAL_CONVERSION = YES;
				CLANG_WARN_OBJC_ROOT_CLASS = YES_ERROR;
				CLANG_WARN_QUOTED_INCLUDE_IN_FRAMEWORK_HEADER = YES;
				CLANG_WARN_RANGE_LOOP_ANALYSIS = YES;
				CLANG_WARN_STRICT_PROTOTYPES = YES;
				CLANG_WARN_SUSPICIOUS_MOVE = YES;
				CLANG_WARN_UNGUARDED_AVAILABILITY = YES_AGGRESSIVE;
				CLANG_WARN_UNREACHABLE_CODE = YES;
				CLANG_WARN__DUPLICATE_METHOD_MATCH = YES;
				COPY_PHASE_STRIP = NO;
				DEBUG_INFORMATION_FORMAT = "dwarf-with-dsym";
				ENABLE_NS_ASSERTIONS = NO;
				ENABLE_STRICT_OBJC_MSGSEND = YES;
				GCC_C_LANGUAGE_STANDARD = gnu11;
				GCC_NO_COMMON_BLOCKS = YES;
				GCC_WARN_64_TO_32_BIT_CONVERSION = YES;
				GCC_WARN_ABOUT_RETURN_TYPE = YES_ERROR;
				GCC_WARN_UNDECLARED_SELECTOR = YES;
				GCC_WARN_UNINITIALIZED_AUTOS = YES_AGGRESSIVE;
				GCC_WARN_UNUSED_FUNCTION = YES;
				GCC_WARN_UNUSED_VARIABLE = YES;
				IPHONEOS_DEPLOYMENT_TARGET = 15.4;
				MTL_ENABLE_DEBUG_INFO = NO;
				MTL_FAST_MATH = YES;
				SDKROOT = iphoneos;
				SWIFT_COMPILATION_MODE = wholemodule;
				SWIFT_OPTIMIZATION_LEVEL = "-O";
				VALIDATE_PRODUCT = YES;
			};
			name = Release;
		};
		4C8507CA28296B8400AA0606 /* Debug */ = {
			isa = XCBuildConfiguration;
			buildSettings = {
				ASSETCATALOG_COMPILER_APPICON_NAME = AppIcon;
				ASSETCATALOG_COMPILER_GLOBAL_ACCENT_COLOR_NAME = AccentColor;
				CODE_SIGN_STYLE = Automatic;
				CURRENT_PROJECT_VERSION = 1;
				DEVELOPMENT_ASSET_PATHS = "\"Glass/Preview Content\"";
				DEVELOPMENT_TEAM = 8837JFC6CG;
				ENABLE_PREVIEWS = YES;
				GENERATE_INFOPLIST_FILE = YES;
				INFOPLIST_FILE = Glass/Info.plist;
				INFOPLIST_KEY_UIApplicationSceneManifest_Generation = YES;
				INFOPLIST_KEY_UIApplicationSupportsIndirectInputEvents = YES;
				INFOPLIST_KEY_UILaunchScreen_Generation = YES;
				INFOPLIST_KEY_UISupportedInterfaceOrientations_iPad = "UIInterfaceOrientationPortrait UIInterfaceOrientationPortraitUpsideDown UIInterfaceOrientationLandscapeLeft UIInterfaceOrientationLandscapeRight";
				INFOPLIST_KEY_UISupportedInterfaceOrientations_iPhone = "UIInterfaceOrientationPortrait UIInterfaceOrientationLandscapeLeft UIInterfaceOrientationLandscapeRight";
				LD_RUNPATH_SEARCH_PATHS = (
					"$(inherited)",
					"@executable_path/Frameworks",
				);
				MARKETING_VERSION = 1.0;
				PRODUCT_BUNDLE_IDENTIFIER = Ars.Storch.Glass;
				PRODUCT_NAME = "$(TARGET_NAME)";
				SWIFT_EMIT_LOC_STRINGS = YES;
				SWIFT_VERSION = 5.0;
				TARGETED_DEVICE_FAMILY = "1,2";
			};
			name = Debug;
		};
		4C8507CB28296B8400AA0606 /* Release */ = {
			isa = XCBuildConfiguration;
			buildSettings = {
				ASSETCATALOG_COMPILER_APPICON_NAME = AppIcon;
				ASSETCATALOG_COMPILER_GLOBAL_ACCENT_COLOR_NAME = AccentColor;
				CODE_SIGN_STYLE = Automatic;
				CURRENT_PROJECT_VERSION = 1;
				DEVELOPMENT_ASSET_PATHS = "\"Glass/Preview Content\"";
				DEVELOPMENT_TEAM = 8837JFC6CG;
				ENABLE_PREVIEWS = YES;
				GENERATE_INFOPLIST_FILE = YES;
				INFOPLIST_FILE = Glass/Info.plist;
				INFOPLIST_KEY_UIApplicationSceneManifest_Generation = YES;
				INFOPLIST_KEY_UIApplicationSupportsIndirectInputEvents = YES;
				INFOPLIST_KEY_UILaunchScreen_Generation = YES;
				INFOPLIST_KEY_UISupportedInterfaceOrientations_iPad = "UIInterfaceOrientationPortrait UIInterfaceOrientationPortraitUpsideDown UIInterfaceOrientationLandscapeLeft UIInterfaceOrientationLandscapeRight";
				INFOPLIST_KEY_UISupportedInterfaceOrientations_iPhone = "UIInterfaceOrientationPortrait UIInterfaceOrientationLandscapeLeft UIInterfaceOrientationLandscapeRight";
				LD_RUNPATH_SEARCH_PATHS = (
					"$(inherited)",
					"@executable_path/Frameworks",
				);
				MARKETING_VERSION = 1.0;
				PRODUCT_BUNDLE_IDENTIFIER = Ars.Storch.Glass;
				PRODUCT_NAME = "$(TARGET_NAME)";
				SWIFT_EMIT_LOC_STRINGS = YES;
				SWIFT_VERSION = 5.0;
				TARGETED_DEVICE_FAMILY = "1,2";
			};
			name = Release;
		};
/* End XCBuildConfiguration section */

/* Begin XCConfigurationList section */
		4C8507B128296B7D00AA0606 /* Build configuration list for PBXProject "Glass" */ = {
			isa = XCConfigurationList;
			buildConfigurations = (
				4C8507C728296B8400AA0606 /* Debug */,
				4C8507C828296B8400AA0606 /* Release */,
			);
			defaultConfigurationIsVisible = 0;
			defaultConfigurationName = Release;
		};
		4C8507C928296B8400AA0606 /* Build configuration list for PBXNativeTarget "Glass" */ = {
			isa = XCConfigurationList;
			buildConfigurations = (
				4C8507CA28296B8400AA0606 /* Debug */,
				4C8507CB28296B8400AA0606 /* Release */,
			);
			defaultConfigurationIsVisible = 0;
			defaultConfigurationName = Release;
		};
/* End XCConfigurationList section */

/* Begin XCRemoteSwiftPackageReference section */
		4CC8410E28414C3700279508 /* XCRemoteSwiftPackageReference "firebase-ios-sdk" */ = {
			isa = XCRemoteSwiftPackageReference;
			repositoryURL = "https://github.com/firebase/firebase-ios-sdk";
			requirement = {
				kind = upToNextMajorVersion;
				minimumVersion = 9.0.0;
			};
		};
/* End XCRemoteSwiftPackageReference section */

/* Begin XCSwiftPackageProductDependency section */
		4CC8410F28414C3700279508 /* FirebaseAuth */ = {
			isa = XCSwiftPackageProductDependency;
			package = 4CC8410E28414C3700279508 /* XCRemoteSwiftPackageReference "firebase-ios-sdk" */;
			productName = FirebaseAuth;
		};
		4CC8411128414C3700279508 /* FirebaseAuthCombine-Community */ = {
			isa = XCSwiftPackageProductDependency;
			package = 4CC8410E28414C3700279508 /* XCRemoteSwiftPackageReference "firebase-ios-sdk" */;
			productName = "FirebaseAuthCombine-Community";
		};
		4CC8411328414C3700279508 /* FirebaseDatabase */ = {
			isa = XCSwiftPackageProductDependency;
			package = 4CC8410E28414C3700279508 /* XCRemoteSwiftPackageReference "firebase-ios-sdk" */;
			productName = FirebaseDatabase;
		};
		4CC8411528414C3700279508 /* FirebaseDatabaseSwift */ = {
			isa = XCSwiftPackageProductDependency;
			package = 4CC8410E28414C3700279508 /* XCRemoteSwiftPackageReference "firebase-ios-sdk" */;
			productName = FirebaseDatabaseSwift;
		};
		4CC8411728414C3700279508 /* FirebaseFirestore */ = {
			isa = XCSwiftPackageProductDependency;
			package = 4CC8410E28414C3700279508 /* XCRemoteSwiftPackageReference "firebase-ios-sdk" */;
			productName = FirebaseFirestore;
		};
		4CC8411928414C3700279508 /* FirebaseFirestoreCombine-Community */ = {
			isa = XCSwiftPackageProductDependency;
			package = 4CC8410E28414C3700279508 /* XCRemoteSwiftPackageReference "firebase-ios-sdk" */;
			productName = "FirebaseFirestoreCombine-Community";
		};
		4CC8411B28414C3700279508 /* FirebaseFirestoreSwift */ = {
			isa = XCSwiftPackageProductDependency;
			package = 4CC8410E28414C3700279508 /* XCRemoteSwiftPackageReference "firebase-ios-sdk" */;
			productName = FirebaseFirestoreSwift;
		};
		4CC8411D28414C3700279508 /* FirebaseStorage */ = {
			isa = XCSwiftPackageProductDependency;
			package = 4CC8410E28414C3700279508 /* XCRemoteSwiftPackageReference "firebase-ios-sdk" */;
			productName = FirebaseStorage;
		};
		4CC8411F28414C3700279508 /* FirebaseStorageCombine-Community */ = {
			isa = XCSwiftPackageProductDependency;
			package = 4CC8410E28414C3700279508 /* XCRemoteSwiftPackageReference "firebase-ios-sdk" */;
			productName = "FirebaseStorageCombine-Community";
		};
/* End XCSwiftPackageProductDependency section */

/* Begin XCVersionGroup section */
		4C8507C428296B8400AA0606 /* Glass.xcdatamodeld */ = {
			isa = XCVersionGroup;
			children = (
				4C8507C528296B8400AA0606 /* Glass.xcdatamodel */,
			);
			currentVersion = 4C8507C528296B8400AA0606 /* Glass.xcdatamodel */;
			path = Glass.xcdatamodeld;
			sourceTree = "<group>";
			versionGroupType = wrapper.xcdatamodel;
		};
/* End XCVersionGroup section */
	};
	rootObject = 4C8507AE28296B7D00AA0606 /* Project object */;
}
